
Microsoft Visual Studio Solution File, Format Version 12.00
# Visual Studio Version 16
VisualStudioVersion = 16.0.31112.23
MinimumVisualStudioVersion = 10.0.40219.1
Project("{FAE04EC0-301F-11D3-BF4B-00C04F79EFBC}") = "Homework", "Homework\Homework.csproj", "{33C4A78D-45D9-4A3D-936A-82044D5D12F3}"
EndProject
Global
	GlobalSection(SolutionConfigurationPlatforms) = preSolution
		Debug|Any CPU = Debug|Any CPU
		Release|Any CPU = Release|Any CPU
	EndGlobalSection
	GlobalSection(ProjectConfigurationPlatforms) = postSolution
		{33C4A78D-45D9-4A3D-936A-82044D5D12F3}.Debug|Any CPU.ActiveCfg = Debug|Any CPU
		{33C4A78D-45D9-4A3D-936A-82044D5D12F3}.Debug|Any CPU.Build.0 = Debug|Any CPU
		{33C4A78D-45D9-4A3D-936A-82044D5D12F3}.Release|Any CPU.ActiveCfg = Release|Any CPU
		{33C4A78D-45D9-4A3D-936A-82044D5D12F3}.Release|Any CPU.Build.0 = Release|Any CPU
	EndGlobalSection
	GlobalSection(SolutionProperties) = preSolution
		HideSolutionNode = FALSE
	EndGlobalSection
	GlobalSection(ExtensibilityGlobals) = postSolution
		SolutionGuid = {8CB2ADAF-6E3A-4B04-BACF-156217FFFDD4}
	EndGlobalSection
EndGlobal
