
Microsoft Visual Studio Solution File, Format Version 12.00
# Visual Studio Version 16
VisualStudioVersion = 16.0.808.3
MinimumVisualStudioVersion = 10.0.40219.1
Project("{FAE04EC0-301F-11D3-BF4B-00C04F79EFBC}") = "GiveAwayMain", "GiveAwayMain\GiveAwayMain.csproj", "{AEFEDAF7-BE6C-4205-9F95-274CAED63F51}"
EndProject
Global
	GlobalSection(SolutionConfigurationPlatforms) = preSolution
		Debug|Any CPU = Debug|Any CPU
		Release|Any CPU = Release|Any CPU
	EndGlobalSection
	GlobalSection(ProjectConfigurationPlatforms) = postSolution
		{AEFEDAF7-BE6C-4205-9F95-274CAED63F51}.Debug|Any CPU.ActiveCfg = Debug|Any CPU
		{AEFEDAF7-BE6C-4205-9F95-274CAED63F51}.Debug|Any CPU.Build.0 = Debug|Any CPU
		{AEFEDAF7-BE6C-4205-9F95-274CAED63F51}.Release|Any CPU.ActiveCfg = Release|Any CPU
		{AEFEDAF7-BE6C-4205-9F95-274CAED63F51}.Release|Any CPU.Build.0 = Release|Any CPU
	EndGlobalSection
	GlobalSection(SolutionProperties) = preSolution
		HideSolutionNode = FALSE
	EndGlobalSection
	GlobalSection(ExtensibilityGlobals) = postSolution
		SolutionGuid = {48E8A744-BD36-4151-B114-06A5D8F67154}
	EndGlobalSection
EndGlobal
